
Microsoft Visual Studio Solution File, Format Version 12.00
# Visual Studio Version 16
VisualStudioVersion = 16.0.30621.155
MinimumVisualStudioVersion = 10.0.40219.1
Project("{9A19103F-16F7-4668-BE54-9A1E7A4F7556}") = "Integr8ed", "Integr8ed\Integr8ed.csproj", "{9F1B8971-228C-4923-91C2-5ADFD447A733}"
EndProject
Project("{9A19103F-16F7-4668-BE54-9A1E7A4F7556}") = "Integr8ed.Data", "Integr8ed.Data\Integr8ed.Data.csproj", "{C57193F1-45D4-4880-AAFA-93DCA69AD282}"
EndProject
Project("{9A19103F-16F7-4668-BE54-9A1E7A4F7556}") = "Integr8ed.Service", "Integr8ed.Service\Integr8ed.Service.csproj", "{B3EA8D5A-64CA-461C-80AB-250FEBCAA887}"
EndProject
Global
	GlobalSection(SolutionConfigurationPlatforms) = preSolution
		Debug|Any CPU = Debug|Any CPU
		Release|Any CPU = Release|Any CPU
	EndGlobalSection
	GlobalSection(ProjectConfigurationPlatforms) = postSolution
		{9F1B8971-228C-4923-91C2-5ADFD447A733}.Debug|Any CPU.ActiveCfg = Debug|Any CPU
		{9F1B8971-228C-4923-91C2-5ADFD447A733}.Debug|Any CPU.Build.0 = Debug|Any CPU
		{9F1B8971-228C-4923-91C2-5ADFD447A733}.Release|Any CPU.ActiveCfg = Release|Any CPU
		{9F1B8971-228C-4923-91C2-5ADFD447A733}.Release|Any CPU.Build.0 = Release|Any CPU
		{C57193F1-45D4-4880-AAFA-93DCA69AD282}.Debug|Any CPU.ActiveCfg = Debug|Any CPU
		{C57193F1-45D4-4880-AAFA-93DCA69AD282}.Debug|Any CPU.Build.0 = Debug|Any CPU
		{C57193F1-45D4-4880-AAFA-93DCA69AD282}.Release|Any CPU.ActiveCfg = Release|Any CPU
		{C57193F1-45D4-4880-AAFA-93DCA69AD282}.Release|Any CPU.Build.0 = Release|Any CPU
		{B3EA8D5A-64CA-461C-80AB-250FEBCAA887}.Debug|Any CPU.ActiveCfg = Debug|Any CPU
		{B3EA8D5A-64CA-461C-80AB-250FEBCAA887}.Debug|Any CPU.Build.0 = Debug|Any CPU
		{B3EA8D5A-64CA-461C-80AB-250FEBCAA887}.Release|Any CPU.ActiveCfg = Release|Any CPU
		{B3EA8D5A-64CA-461C-80AB-250FEBCAA887}.Release|Any CPU.Build.0 = Release|Any CPU
	EndGlobalSection
	GlobalSection(SolutionProperties) = preSolution
		HideSolutionNode = FALSE
	EndGlobalSection
	GlobalSection(ExtensibilityGlobals) = postSolution
		SolutionGuid = {2417D4C7-ECE5-4911-8666-D206C2E28F9E}
	EndGlobalSection
EndGlobal
